
Microsoft Visual Studio Solution File, Format Version 12.00
# Visual Studio 2013
VisualStudioVersion = 12.0.31101.0
MinimumVisualStudioVersion = 10.0.40219.1
Project("{FAE04EC0-301F-11D3-BF4B-00C04F79EFBC}") = "SimpleStringDuper", "SimpleStringDuper.csproj", "{87F46A0F-EF3D-492E-AC51-66AA6CF4AF13}"
EndProject
Project("{FAE04EC0-301F-11D3-BF4B-00C04F79EFBC}") = "SimpleStringDuper.Tests", "..\SimpleStringDuper.Tests\SimpleStringDuper.Tests.csproj", "{51C3027D-C76C-4131-B6E7-8AAA8F35527A}"
EndProject
Global
	GlobalSection(SolutionConfigurationPlatforms) = preSolution
		Debug|Any CPU = Debug|Any CPU
		Release|Any CPU = Release|Any CPU
	EndGlobalSection
	GlobalSection(ProjectConfigurationPlatforms) = postSolution
		{87F46A0F-EF3D-492E-AC51-66AA6CF4AF13}.Debug|Any CPU.ActiveCfg = Debug|Any CPU
		{87F46A0F-EF3D-492E-AC51-66AA6CF4AF13}.Debug|Any CPU.Build.0 = Debug|Any CPU
		{87F46A0F-EF3D-492E-AC51-66AA6CF4AF13}.Release|Any CPU.ActiveCfg = Release|Any CPU
		{87F46A0F-EF3D-492E-AC51-66AA6CF4AF13}.Release|Any CPU.Build.0 = Release|Any CPU
		{51C3027D-C76C-4131-B6E7-8AAA8F35527A}.Debug|Any CPU.ActiveCfg = Debug|Any CPU
		{51C3027D-C76C-4131-B6E7-8AAA8F35527A}.Debug|Any CPU.Build.0 = Debug|Any CPU
		{51C3027D-C76C-4131-B6E7-8AAA8F35527A}.Release|Any CPU.ActiveCfg = Release|Any CPU
		{51C3027D-C76C-4131-B6E7-8AAA8F35527A}.Release|Any CPU.Build.0 = Release|Any CPU
	EndGlobalSection
	GlobalSection(SolutionProperties) = preSolution
		HideSolutionNode = FALSE
	EndGlobalSection
EndGlobal
